
Microsoft Visual Studio Solution File, Format Version 12.00
# Visual Studio Version 17
VisualStudioVersion = 17.14.36408.4
MinimumVisualStudioVersion = 10.0.40219.1
Project("{FAE04EC0-301F-11D3-BF4B-00C04F79EFBC}") = "sistema", "sistema\sistema.csproj", "{40DC825D-0716-44D0-BCFA-DAFC2D171568}"
EndProject
Global
	GlobalSection(SolutionConfigurationPlatforms) = preSolution
		Debug|Any CPU = Debug|Any CPU
		Release|Any CPU = Release|Any CPU
	EndGlobalSection
	GlobalSection(ProjectConfigurationPlatforms) = postSolution
		{40DC825D-0716-44D0-BCFA-DAFC2D171568}.Debug|Any CPU.ActiveCfg = Debug|Any CPU
		{40DC825D-0716-44D0-BCFA-DAFC2D171568}.Debug|Any CPU.Build.0 = Debug|Any CPU
		{40DC825D-0716-44D0-BCFA-DAFC2D171568}.Release|Any CPU.ActiveCfg = Release|Any CPU
		{40DC825D-0716-44D0-BCFA-DAFC2D171568}.Release|Any CPU.Build.0 = Release|Any CPU
	EndGlobalSection
	GlobalSection(SolutionProperties) = preSolution
		HideSolutionNode = FALSE
	EndGlobalSection
	GlobalSection(ExtensibilityGlobals) = postSolution
		SolutionGuid = {D008EBDE-20FF-42C6-A0B7-80D64151B6A8}
	EndGlobalSection
EndGlobal
